
Microsoft Visual Studio Solution File, Format Version 12.00
# Visual Studio Version 17
VisualStudioVersion = 17.2.32630.192
MinimumVisualStudioVersion = 10.0.40219.1
Project("{2150E333-8FDC-42A3-9474-1A3956D46DE8}") = "common", "common", "{A0D77388-73B2-4E9C-93B6-3CDCB6C81711}"
EndProject
Project("{2150E333-8FDC-42A3-9474-1A3956D46DE8}") = "infrastructure", "infrastructure", "{F8BF330B-1544-48B5-8DBD-27CB878B085D}"
EndProject
Project("{9A19103F-16F7-4668-BE54-9A1E7A4F7556}") = "Moedelo.Providing.Enums", "src\Moedelo.Providing.Enums\Moedelo.Providing.Enums.csproj", "{CDFE7547-B4A3-43AF-8DA3-8886ABA4F912}"
EndProject
Project("{9A19103F-16F7-4668-BE54-9A1E7A4F7556}") = "Moedelo.Providing.ApiClient.Abstractions", "src\Moedelo.Providing.ApiClient.Abstractions\Moedelo.Providing.ApiClient.Abstractions.csproj", "{ECAD5D0A-46CF-44A4-AEFF-0639C2C0516E}"
EndProject
Project("{9A19103F-16F7-4668-BE54-9A1E7A4F7556}") = "Moedelo.Providing.ApiClient", "src\Moedelo.Providing.ApiClient\Moedelo.Providing.ApiClient.csproj", "{3D601A04-DEC3-4285-9671-3B8B29C06492}"
EndProject
Project("{9A19103F-16F7-4668-BE54-9A1E7A4F7556}") = "Moedelo.Common.ExecutionContext.Abstractions", "..\md-common-executioncontext\src\Moedelo.Common.ExecutionContext.Abstractions\Moedelo.Common.ExecutionContext.Abstractions.csproj", "{7E0FB3AB-4DDB-47C6-96D9-E35B8E91F3DF}"
EndProject
Project("{9A19103F-16F7-4668-BE54-9A1E7A4F7556}") = "Moedelo.Common.Settings.Abstractions", "..\md-common-settings\src\Moedelo.Common.Settings.Abstractions\Moedelo.Common.Settings.Abstractions.csproj", "{7397B4CA-EA01-4CAC-98D8-80240A0E67B2}"
EndProject
Project("{9A19103F-16F7-4668-BE54-9A1E7A4F7556}") = "Moedelo.Infrastructure.Json", "..\md-infrastructure-core-json\src\Moedelo.Infrastructure.Json\Moedelo.Infrastructure.Json.csproj", "{6F59CB18-8839-44CE-9D01-4F41F7780287}"
EndProject
Project("{9A19103F-16F7-4668-BE54-9A1E7A4F7556}") = "Moedelo.Infrastructure.Http.Abstractions", "..\md-infrastructure-core-http\src\Moedelo.Infrastructure.Http.Abstractions\Moedelo.Infrastructure.Http.Abstractions.csproj", "{60FB51BA-2DB8-41E6-84C5-F8866FB4BA95}"
EndProject
Project("{9A19103F-16F7-4668-BE54-9A1E7A4F7556}") = "Moedelo.Infrastructure.DependencyInjection.Abstractions", "..\md-infrastructure-core-dependencyinjection\src\Moedelo.Infrastructure.DependencyInjection.Abstractions\Moedelo.Infrastructure.DependencyInjection.Abstractions.csproj", "{AA030D33-9983-4185-86B3-98AB56D4B9A3}"
EndProject
Project("{9A19103F-16F7-4668-BE54-9A1E7A4F7556}") = "Moedelo.Common.Audit.Abstractions", "..\md-common-audit\src\Moedelo.Common.Audit.Abstractions\Moedelo.Common.Audit.Abstractions.csproj", "{774CB1CF-3904-42C0-912C-0433B2032C1E}"
EndProject
Project("{9A19103F-16F7-4668-BE54-9A1E7A4F7556}") = "Moedelo.Common.Types", "..\md-common-types\src\Moedelo.Common.Types\Moedelo.Common.Types.csproj", "{918C4B1D-DB4F-473B-A35F-18FD62E60DF2}"
EndProject
Project("{9A19103F-16F7-4668-BE54-9A1E7A4F7556}") = "Moedelo.Common.Http.Abstractions", "..\md-common-http\src\Moedelo.Common.Http.Abstractions\Moedelo.Common.Http.Abstractions.csproj", "{59D53212-A73A-438C-8B37-F5402883BBF1}"
EndProject
Project("{9A19103F-16F7-4668-BE54-9A1E7A4F7556}") = "Moedelo.Common.AccessRules.Abstractions", "..\md-common-accessrules\src\Moedelo.Common.AccessRules.Abstractions\Moedelo.Common.AccessRules.Abstractions.csproj", "{83B6991B-6E9C-4A51-AB7F-EBA7DD19AFE3}"
EndProject
Global
	GlobalSection(SolutionConfigurationPlatforms) = preSolution
		Debug|Any CPU = Debug|Any CPU
		Release|Any CPU = Release|Any CPU
	EndGlobalSection
	GlobalSection(ProjectConfigurationPlatforms) = postSolution
		{CDFE7547-B4A3-43AF-8DA3-8886ABA4F912}.Debug|Any CPU.ActiveCfg = Debug|Any CPU
		{CDFE7547-B4A3-43AF-8DA3-8886ABA4F912}.Debug|Any CPU.Build.0 = Debug|Any CPU
		{CDFE7547-B4A3-43AF-8DA3-8886ABA4F912}.Release|Any CPU.ActiveCfg = Release|Any CPU
		{CDFE7547-B4A3-43AF-8DA3-8886ABA4F912}.Release|Any CPU.Build.0 = Release|Any CPU
		{ECAD5D0A-46CF-44A4-AEFF-0639C2C0516E}.Debug|Any CPU.ActiveCfg = Debug|Any CPU
		{ECAD5D0A-46CF-44A4-AEFF-0639C2C0516E}.Debug|Any CPU.Build.0 = Debug|Any CPU
		{ECAD5D0A-46CF-44A4-AEFF-0639C2C0516E}.Release|Any CPU.ActiveCfg = Release|Any CPU
		{ECAD5D0A-46CF-44A4-AEFF-0639C2C0516E}.Release|Any CPU.Build.0 = Release|Any CPU
		{3D601A04-DEC3-4285-9671-3B8B29C06492}.Debug|Any CPU.ActiveCfg = Debug|Any CPU
		{3D601A04-DEC3-4285-9671-3B8B29C06492}.Debug|Any CPU.Build.0 = Debug|Any CPU
		{3D601A04-DEC3-4285-9671-3B8B29C06492}.Release|Any CPU.ActiveCfg = Release|Any CPU
		{3D601A04-DEC3-4285-9671-3B8B29C06492}.Release|Any CPU.Build.0 = Release|Any CPU
		{7E0FB3AB-4DDB-47C6-96D9-E35B8E91F3DF}.Debug|Any CPU.ActiveCfg = Debug|Any CPU
		{7E0FB3AB-4DDB-47C6-96D9-E35B8E91F3DF}.Debug|Any CPU.Build.0 = Debug|Any CPU
		{7E0FB3AB-4DDB-47C6-96D9-E35B8E91F3DF}.Release|Any CPU.ActiveCfg = Release|Any CPU
		{7E0FB3AB-4DDB-47C6-96D9-E35B8E91F3DF}.Release|Any CPU.Build.0 = Release|Any CPU
		{7397B4CA-EA01-4CAC-98D8-80240A0E67B2}.Debug|Any CPU.ActiveCfg = Debug|Any CPU
		{7397B4CA-EA01-4CAC-98D8-80240A0E67B2}.Debug|Any CPU.Build.0 = Debug|Any CPU
		{7397B4CA-EA01-4CAC-98D8-80240A0E67B2}.Release|Any CPU.ActiveCfg = Release|Any CPU
		{7397B4CA-EA01-4CAC-98D8-80240A0E67B2}.Release|Any CPU.Build.0 = Release|Any CPU
		{6F59CB18-8839-44CE-9D01-4F41F7780287}.Debug|Any CPU.ActiveCfg = Debug|Any CPU
		{6F59CB18-8839-44CE-9D01-4F41F7780287}.Debug|Any CPU.Build.0 = Debug|Any CPU
		{6F59CB18-8839-44CE-9D01-4F41F7780287}.Release|Any CPU.ActiveCfg = Release|Any CPU
		{6F59CB18-8839-44CE-9D01-4F41F7780287}.Release|Any CPU.Build.0 = Release|Any CPU
		{60FB51BA-2DB8-41E6-84C5-F8866FB4BA95}.Debug|Any CPU.ActiveCfg = Debug|Any CPU
		{60FB51BA-2DB8-41E6-84C5-F8866FB4BA95}.Debug|Any CPU.Build.0 = Debug|Any CPU
		{60FB51BA-2DB8-41E6-84C5-F8866FB4BA95}.Release|Any CPU.ActiveCfg = Release|Any CPU
		{60FB51BA-2DB8-41E6-84C5-F8866FB4BA95}.Release|Any CPU.Build.0 = Release|Any CPU
		{AA030D33-9983-4185-86B3-98AB56D4B9A3}.Debug|Any CPU.ActiveCfg = Debug|Any CPU
		{AA030D33-9983-4185-86B3-98AB56D4B9A3}.Debug|Any CPU.Build.0 = Debug|Any CPU
		{AA030D33-9983-4185-86B3-98AB56D4B9A3}.Release|Any CPU.ActiveCfg = Release|Any CPU
		{AA030D33-9983-4185-86B3-98AB56D4B9A3}.Release|Any CPU.Build.0 = Release|Any CPU
		{774CB1CF-3904-42C0-912C-0433B2032C1E}.Debug|Any CPU.ActiveCfg = Debug|Any CPU
		{774CB1CF-3904-42C0-912C-0433B2032C1E}.Debug|Any CPU.Build.0 = Debug|Any CPU
		{774CB1CF-3904-42C0-912C-0433B2032C1E}.Release|Any CPU.ActiveCfg = Release|Any CPU
		{774CB1CF-3904-42C0-912C-0433B2032C1E}.Release|Any CPU.Build.0 = Release|Any CPU
		{918C4B1D-DB4F-473B-A35F-18FD62E60DF2}.Debug|Any CPU.ActiveCfg = Debug|Any CPU
		{918C4B1D-DB4F-473B-A35F-18FD62E60DF2}.Debug|Any CPU.Build.0 = Debug|Any CPU
		{918C4B1D-DB4F-473B-A35F-18FD62E60DF2}.Release|Any CPU.ActiveCfg = Release|Any CPU
		{918C4B1D-DB4F-473B-A35F-18FD62E60DF2}.Release|Any CPU.Build.0 = Release|Any CPU
		{59D53212-A73A-438C-8B37-F5402883BBF1}.Debug|Any CPU.ActiveCfg = Debug|Any CPU
		{59D53212-A73A-438C-8B37-F5402883BBF1}.Debug|Any CPU.Build.0 = Debug|Any CPU
		{59D53212-A73A-438C-8B37-F5402883BBF1}.Release|Any CPU.ActiveCfg = Release|Any CPU
		{59D53212-A73A-438C-8B37-F5402883BBF1}.Release|Any CPU.Build.0 = Release|Any CPU
		{83B6991B-6E9C-4A51-AB7F-EBA7DD19AFE3}.Debug|Any CPU.ActiveCfg = Debug|Any CPU
		{83B6991B-6E9C-4A51-AB7F-EBA7DD19AFE3}.Debug|Any CPU.Build.0 = Debug|Any CPU
		{83B6991B-6E9C-4A51-AB7F-EBA7DD19AFE3}.Release|Any CPU.ActiveCfg = Release|Any CPU
		{83B6991B-6E9C-4A51-AB7F-EBA7DD19AFE3}.Release|Any CPU.Build.0 = Release|Any CPU
	EndGlobalSection
	GlobalSection(SolutionProperties) = preSolution
		HideSolutionNode = FALSE
	EndGlobalSection
	GlobalSection(NestedProjects) = preSolution
		{7E0FB3AB-4DDB-47C6-96D9-E35B8E91F3DF} = {A0D77388-73B2-4E9C-93B6-3CDCB6C81711}
		{7397B4CA-EA01-4CAC-98D8-80240A0E67B2} = {A0D77388-73B2-4E9C-93B6-3CDCB6C81711}
		{6F59CB18-8839-44CE-9D01-4F41F7780287} = {F8BF330B-1544-48B5-8DBD-27CB878B085D}
		{60FB51BA-2DB8-41E6-84C5-F8866FB4BA95} = {F8BF330B-1544-48B5-8DBD-27CB878B085D}
		{AA030D33-9983-4185-86B3-98AB56D4B9A3} = {F8BF330B-1544-48B5-8DBD-27CB878B085D}
		{774CB1CF-3904-42C0-912C-0433B2032C1E} = {A0D77388-73B2-4E9C-93B6-3CDCB6C81711}
		{918C4B1D-DB4F-473B-A35F-18FD62E60DF2} = {A0D77388-73B2-4E9C-93B6-3CDCB6C81711}
		{59D53212-A73A-438C-8B37-F5402883BBF1} = {A0D77388-73B2-4E9C-93B6-3CDCB6C81711}
		{83B6991B-6E9C-4A51-AB7F-EBA7DD19AFE3} = {A0D77388-73B2-4E9C-93B6-3CDCB6C81711}
	EndGlobalSection
	GlobalSection(ExtensibilityGlobals) = postSolution
		SolutionGuid = {FDD6571A-3F1C-4A3E-81C7-F97D04A1CCDA}
	EndGlobalSection
EndGlobal
