
Microsoft Visual Studio Solution File, Format Version 12.00
Project("{FAE04EC0-301F-11D3-BF4B-00C04F79EFBC}") = "Moedelo.Infrastructure.System.Extensions", "src\Moedelo.Infrastructure.System.Extensions\Moedelo.Infrastructure.System.Extensions.csproj", "{F61FE0EF-2F30-4DAF-9A4C-D11AAA271DDB}"
EndProject
Global
	GlobalSection(SolutionConfigurationPlatforms) = preSolution
		Debug|Any CPU = Debug|Any CPU
		Release|Any CPU = Release|Any CPU
	EndGlobalSection
	GlobalSection(ProjectConfigurationPlatforms) = postSolution
		{F61FE0EF-2F30-4DAF-9A4C-D11AAA271DDB}.Debug|Any CPU.ActiveCfg = Debug|Any CPU
		{F61FE0EF-2F30-4DAF-9A4C-D11AAA271DDB}.Debug|Any CPU.Build.0 = Debug|Any CPU
		{F61FE0EF-2F30-4DAF-9A4C-D11AAA271DDB}.Release|Any CPU.ActiveCfg = Release|Any CPU
		{F61FE0EF-2F30-4DAF-9A4C-D11AAA271DDB}.Release|Any CPU.Build.0 = Release|Any CPU
	EndGlobalSection
EndGlobal
